
Microsoft Visual Studio Solution File, Format Version 12.00
# Visual Studio Version 16
VisualStudioVersion = 16.0.29001.49
MinimumVisualStudioVersion = 10.0.40219.1
Project("{FAE04EC0-301F-11D3-BF4B-00C04F79EFBC}") = "VanyaGame", "VanyaGame\VanyaGame.csproj", "{D730AC7C-D52D-41F7-A929-12E635094AC3}"
EndProject
Project("{FAE04EC0-301F-11D3-BF4B-00C04F79EFBC}") = "ScenesTimeLine", "ScenesTimeLine\ScenesTimeLine.csproj", "{26BD8A79-423B-4501-9D16-4348DF70CC33}"
EndProject
Project("{FAE04EC0-301F-11D3-BF4B-00C04F79EFBC}") = "CardsEditor", "CardsEditor\CardsEditor.csproj", "{0507637C-C80D-473D-B142-5F45AFA8018C}"
EndProject
Project("{FAE04EC0-301F-11D3-BF4B-00C04F79EFBC}") = "InstallationTools", "InstallationTools\InstallationTools.csproj", "{9C7FD438-00BE-4264-B16B-AC5C7F626740}"
EndProject
Global
	GlobalSection(SolutionConfigurationPlatforms) = preSolution
		Debug|Any CPU = Debug|Any CPU
		Debug|x64 = Debug|x64
		Release|Any CPU = Release|Any CPU
		Release|x64 = Release|x64
	EndGlobalSection
	GlobalSection(ProjectConfigurationPlatforms) = postSolution
		{D730AC7C-D52D-41F7-A929-12E635094AC3}.Debug|Any CPU.ActiveCfg = Debug|Any CPU
		{D730AC7C-D52D-41F7-A929-12E635094AC3}.Debug|Any CPU.Build.0 = Debug|Any CPU
		{D730AC7C-D52D-41F7-A929-12E635094AC3}.Debug|x64.ActiveCfg = Debug|x64
		{D730AC7C-D52D-41F7-A929-12E635094AC3}.Debug|x64.Build.0 = Debug|x64
		{D730AC7C-D52D-41F7-A929-12E635094AC3}.Release|Any CPU.ActiveCfg = Release|Any CPU
		{D730AC7C-D52D-41F7-A929-12E635094AC3}.Release|Any CPU.Build.0 = Release|Any CPU
		{D730AC7C-D52D-41F7-A929-12E635094AC3}.Release|x64.ActiveCfg = Release|Any CPU
		{D730AC7C-D52D-41F7-A929-12E635094AC3}.Release|x64.Build.0 = Release|Any CPU
		{26BD8A79-423B-4501-9D16-4348DF70CC33}.Debug|Any CPU.ActiveCfg = Debug|Any CPU
		{26BD8A79-423B-4501-9D16-4348DF70CC33}.Debug|Any CPU.Build.0 = Debug|Any CPU
		{26BD8A79-423B-4501-9D16-4348DF70CC33}.Debug|x64.ActiveCfg = Debug|Any CPU
		{26BD8A79-423B-4501-9D16-4348DF70CC33}.Debug|x64.Build.0 = Debug|Any CPU
		{26BD8A79-423B-4501-9D16-4348DF70CC33}.Release|Any CPU.ActiveCfg = Release|Any CPU
		{26BD8A79-423B-4501-9D16-4348DF70CC33}.Release|Any CPU.Build.0 = Release|Any CPU
		{26BD8A79-423B-4501-9D16-4348DF70CC33}.Release|x64.ActiveCfg = Release|Any CPU
		{26BD8A79-423B-4501-9D16-4348DF70CC33}.Release|x64.Build.0 = Release|Any CPU
		{0507637C-C80D-473D-B142-5F45AFA8018C}.Debug|Any CPU.ActiveCfg = Debug|Any CPU
		{0507637C-C80D-473D-B142-5F45AFA8018C}.Debug|Any CPU.Build.0 = Debug|Any CPU
		{0507637C-C80D-473D-B142-5F45AFA8018C}.Debug|x64.ActiveCfg = Debug|Any CPU
		{0507637C-C80D-473D-B142-5F45AFA8018C}.Debug|x64.Build.0 = Debug|Any CPU
		{0507637C-C80D-473D-B142-5F45AFA8018C}.Release|Any CPU.ActiveCfg = Release|Any CPU
		{0507637C-C80D-473D-B142-5F45AFA8018C}.Release|Any CPU.Build.0 = Release|Any CPU
		{0507637C-C80D-473D-B142-5F45AFA8018C}.Release|x64.ActiveCfg = Release|Any CPU
		{0507637C-C80D-473D-B142-5F45AFA8018C}.Release|x64.Build.0 = Release|Any CPU
		{9C7FD438-00BE-4264-B16B-AC5C7F626740}.Debug|Any CPU.ActiveCfg = Debug|Any CPU
		{9C7FD438-00BE-4264-B16B-AC5C7F626740}.Debug|Any CPU.Build.0 = Debug|Any CPU
		{9C7FD438-00BE-4264-B16B-AC5C7F626740}.Debug|x64.ActiveCfg = Debug|Any CPU
		{9C7FD438-00BE-4264-B16B-AC5C7F626740}.Debug|x64.Build.0 = Debug|Any CPU
		{9C7FD438-00BE-4264-B16B-AC5C7F626740}.Release|Any CPU.ActiveCfg = Release|Any CPU
		{9C7FD438-00BE-4264-B16B-AC5C7F626740}.Release|Any CPU.Build.0 = Release|Any CPU
		{9C7FD438-00BE-4264-B16B-AC5C7F626740}.Release|x64.ActiveCfg = Release|Any CPU
		{9C7FD438-00BE-4264-B16B-AC5C7F626740}.Release|x64.Build.0 = Release|Any CPU
	EndGlobalSection
	GlobalSection(SolutionProperties) = preSolution
		HideSolutionNode = FALSE
	EndGlobalSection
	GlobalSection(ExtensibilityGlobals) = postSolution
		SolutionGuid = {6FED1967-05D8-46E9-8ACA-2AF563150779}
	EndGlobalSection
EndGlobal
