
Microsoft Visual Studio Solution File, Format Version 12.00
# Visual Studio Version 16
VisualStudioVersion = 16.0.29001.49
MinimumVisualStudioVersion = 10.0.40219.1
Project("{FAE04EC0-301F-11D3-BF4B-00C04F79EFBC}") = "VanyaGame", "VanyaGame\VanyaGame.csproj", "{D730AC7C-D52D-41F7-A929-12E635094AC3}"
EndProject
Project("{FAE04EC0-301F-11D3-BF4B-00C04F79EFBC}") = "CardsEditor", "CardsEditor\CardsEditor.csproj", "{0507637C-C80D-473D-B142-5F45AFA8018C}"
EndProject
Project("{FAE04EC0-301F-11D3-BF4B-00C04F79EFBC}") = "InstallationTools", "InstallationTools\InstallationTools.csproj", "{9C7FD438-00BE-4264-B16B-AC5C7F626740}"
EndProject
Project("{2150E333-8FDC-42A3-9474-1A3956D46DE8}") = "Solution Items", "Solution Items", "{2D137AB9-E851-4074-AA19-485A009D03D3}"
	ProjectSection(SolutionItems) = preProject
		InstallationInnoScript.iss = InstallationInnoScript.iss
		License GNU GPL v3.rtf = License GNU GPL v3.rtf
		License.rtf = License.rtf
	EndProjectSection
EndProject
Project("{FAE04EC0-301F-11D3-BF4B-00C04F79EFBC}") = "CardsGameNewDBRepository", "CardsGameNewDBRepository\CardsGameNewDBRepository.csproj", "{F0DE30DF-6BE3-4A3C-A721-5EC78A87950F}"
EndProject
Project("{FAE04EC0-301F-11D3-BF4B-00C04F79EFBC}") = "MVVMRealization", "MVVMRealization\MVVMRealization.csproj", "{0BB085B8-39BA-4A18-B76B-DD5945E90006}"
EndProject
Global
	GlobalSection(SolutionConfigurationPlatforms) = preSolution
		Debug|Any CPU = Debug|Any CPU
		Debug|x64 = Debug|x64
		Debug|x86 = Debug|x86
		Release|Any CPU = Release|Any CPU
		Release|x64 = Release|x64
		Release|x86 = Release|x86
	EndGlobalSection
	GlobalSection(ProjectConfigurationPlatforms) = postSolution
		{D730AC7C-D52D-41F7-A929-12E635094AC3}.Debug|Any CPU.ActiveCfg = Debug|Any CPU
		{D730AC7C-D52D-41F7-A929-12E635094AC3}.Debug|Any CPU.Build.0 = Debug|Any CPU
		{D730AC7C-D52D-41F7-A929-12E635094AC3}.Debug|x64.ActiveCfg = Debug|x64
		{D730AC7C-D52D-41F7-A929-12E635094AC3}.Debug|x64.Build.0 = Debug|x64
		{D730AC7C-D52D-41F7-A929-12E635094AC3}.Debug|x86.ActiveCfg = Debug|x86
		{D730AC7C-D52D-41F7-A929-12E635094AC3}.Debug|x86.Build.0 = Debug|x86
		{D730AC7C-D52D-41F7-A929-12E635094AC3}.Release|Any CPU.ActiveCfg = Release|Any CPU
		{D730AC7C-D52D-41F7-A929-12E635094AC3}.Release|Any CPU.Build.0 = Release|Any CPU
		{D730AC7C-D52D-41F7-A929-12E635094AC3}.Release|x64.ActiveCfg = Release|Any CPU
		{D730AC7C-D52D-41F7-A929-12E635094AC3}.Release|x64.Build.0 = Release|Any CPU
		{D730AC7C-D52D-41F7-A929-12E635094AC3}.Release|x86.ActiveCfg = Release|x86
		{D730AC7C-D52D-41F7-A929-12E635094AC3}.Release|x86.Build.0 = Release|x86
		{0507637C-C80D-473D-B142-5F45AFA8018C}.Debug|Any CPU.ActiveCfg = Debug|Any CPU
		{0507637C-C80D-473D-B142-5F45AFA8018C}.Debug|Any CPU.Build.0 = Debug|Any CPU
		{0507637C-C80D-473D-B142-5F45AFA8018C}.Debug|x64.ActiveCfg = Debug|Any CPU
		{0507637C-C80D-473D-B142-5F45AFA8018C}.Debug|x64.Build.0 = Debug|Any CPU
		{0507637C-C80D-473D-B142-5F45AFA8018C}.Debug|x86.ActiveCfg = Debug|x86
		{0507637C-C80D-473D-B142-5F45AFA8018C}.Debug|x86.Build.0 = Debug|x86
		{0507637C-C80D-473D-B142-5F45AFA8018C}.Release|Any CPU.ActiveCfg = Release|Any CPU
		{0507637C-C80D-473D-B142-5F45AFA8018C}.Release|Any CPU.Build.0 = Release|Any CPU
		{0507637C-C80D-473D-B142-5F45AFA8018C}.Release|x64.ActiveCfg = Release|Any CPU
		{0507637C-C80D-473D-B142-5F45AFA8018C}.Release|x64.Build.0 = Release|Any CPU
		{0507637C-C80D-473D-B142-5F45AFA8018C}.Release|x86.ActiveCfg = Release|x86
		{0507637C-C80D-473D-B142-5F45AFA8018C}.Release|x86.Build.0 = Release|x86
		{9C7FD438-00BE-4264-B16B-AC5C7F626740}.Debug|Any CPU.ActiveCfg = Debug|Any CPU
		{9C7FD438-00BE-4264-B16B-AC5C7F626740}.Debug|Any CPU.Build.0 = Debug|Any CPU
		{9C7FD438-00BE-4264-B16B-AC5C7F626740}.Debug|x64.ActiveCfg = Debug|Any CPU
		{9C7FD438-00BE-4264-B16B-AC5C7F626740}.Debug|x64.Build.0 = Debug|Any CPU
		{9C7FD438-00BE-4264-B16B-AC5C7F626740}.Debug|x86.ActiveCfg = Debug|x86
		{9C7FD438-00BE-4264-B16B-AC5C7F626740}.Debug|x86.Build.0 = Debug|x86
		{9C7FD438-00BE-4264-B16B-AC5C7F626740}.Release|Any CPU.ActiveCfg = Release|Any CPU
		{9C7FD438-00BE-4264-B16B-AC5C7F626740}.Release|Any CPU.Build.0 = Release|Any CPU
		{9C7FD438-00BE-4264-B16B-AC5C7F626740}.Release|x64.ActiveCfg = Release|Any CPU
		{9C7FD438-00BE-4264-B16B-AC5C7F626740}.Release|x64.Build.0 = Release|Any CPU
		{9C7FD438-00BE-4264-B16B-AC5C7F626740}.Release|x86.ActiveCfg = Release|x86
		{9C7FD438-00BE-4264-B16B-AC5C7F626740}.Release|x86.Build.0 = Release|x86
		{F0DE30DF-6BE3-4A3C-A721-5EC78A87950F}.Debug|Any CPU.ActiveCfg = Debug|Any CPU
		{F0DE30DF-6BE3-4A3C-A721-5EC78A87950F}.Debug|Any CPU.Build.0 = Debug|Any CPU
		{F0DE30DF-6BE3-4A3C-A721-5EC78A87950F}.Debug|x64.ActiveCfg = Debug|Any CPU
		{F0DE30DF-6BE3-4A3C-A721-5EC78A87950F}.Debug|x64.Build.0 = Debug|Any CPU
		{F0DE30DF-6BE3-4A3C-A721-5EC78A87950F}.Debug|x86.ActiveCfg = Debug|Any CPU
		{F0DE30DF-6BE3-4A3C-A721-5EC78A87950F}.Debug|x86.Build.0 = Debug|Any CPU
		{F0DE30DF-6BE3-4A3C-A721-5EC78A87950F}.Release|Any CPU.ActiveCfg = Release|Any CPU
		{F0DE30DF-6BE3-4A3C-A721-5EC78A87950F}.Release|Any CPU.Build.0 = Release|Any CPU
		{F0DE30DF-6BE3-4A3C-A721-5EC78A87950F}.Release|x64.ActiveCfg = Release|Any CPU
		{F0DE30DF-6BE3-4A3C-A721-5EC78A87950F}.Release|x64.Build.0 = Release|Any CPU
		{F0DE30DF-6BE3-4A3C-A721-5EC78A87950F}.Release|x86.ActiveCfg = Release|Any CPU
		{F0DE30DF-6BE3-4A3C-A721-5EC78A87950F}.Release|x86.Build.0 = Release|Any CPU
		{0BB085B8-39BA-4A18-B76B-DD5945E90006}.Debug|Any CPU.ActiveCfg = Debug|Any CPU
		{0BB085B8-39BA-4A18-B76B-DD5945E90006}.Debug|Any CPU.Build.0 = Debug|Any CPU
		{0BB085B8-39BA-4A18-B76B-DD5945E90006}.Debug|x64.ActiveCfg = Debug|Any CPU
		{0BB085B8-39BA-4A18-B76B-DD5945E90006}.Debug|x64.Build.0 = Debug|Any CPU
		{0BB085B8-39BA-4A18-B76B-DD5945E90006}.Debug|x86.ActiveCfg = Debug|Any CPU
		{0BB085B8-39BA-4A18-B76B-DD5945E90006}.Debug|x86.Build.0 = Debug|Any CPU
		{0BB085B8-39BA-4A18-B76B-DD5945E90006}.Release|Any CPU.ActiveCfg = Release|Any CPU
		{0BB085B8-39BA-4A18-B76B-DD5945E90006}.Release|Any CPU.Build.0 = Release|Any CPU
		{0BB085B8-39BA-4A18-B76B-DD5945E90006}.Release|x64.ActiveCfg = Release|Any CPU
		{0BB085B8-39BA-4A18-B76B-DD5945E90006}.Release|x64.Build.0 = Release|Any CPU
		{0BB085B8-39BA-4A18-B76B-DD5945E90006}.Release|x86.ActiveCfg = Release|Any CPU
		{0BB085B8-39BA-4A18-B76B-DD5945E90006}.Release|x86.Build.0 = Release|Any CPU
	EndGlobalSection
	GlobalSection(SolutionProperties) = preSolution
		HideSolutionNode = FALSE
	EndGlobalSection
	GlobalSection(ExtensibilityGlobals) = postSolution
		SolutionGuid = {6FED1967-05D8-46E9-8ACA-2AF563150779}
	EndGlobalSection
EndGlobal
