
Microsoft Visual Studio Solution File, Format Version 12.00
# Visual Studio Version 16
VisualStudioVersion = 16.0.30204.135
MinimumVisualStudioVersion = 10.0.40219.1
Project("{FAE04EC0-301F-11D3-BF4B-00C04F79EFBC}") = "CardsLevelSetsEditor", "CardsLevelSetsEditor.csproj", "{2864248F-4BDE-4CB3-A552-9BCBE66C6F1D}"
EndProject
Global
	GlobalSection(SolutionConfigurationPlatforms) = preSolution
		Debug|Any CPU = Debug|Any CPU
		Debug|x64 = Debug|x64
		Release|Any CPU = Release|Any CPU
		Release|x64 = Release|x64
	EndGlobalSection
	GlobalSection(ProjectConfigurationPlatforms) = postSolution
		{2864248F-4BDE-4CB3-A552-9BCBE66C6F1D}.Debug|Any CPU.ActiveCfg = Debug|Any CPU
		{2864248F-4BDE-4CB3-A552-9BCBE66C6F1D}.Debug|Any CPU.Build.0 = Debug|Any CPU
		{2864248F-4BDE-4CB3-A552-9BCBE66C6F1D}.Debug|x64.ActiveCfg = Debug|x64
		{2864248F-4BDE-4CB3-A552-9BCBE66C6F1D}.Debug|x64.Build.0 = Debug|x64
		{2864248F-4BDE-4CB3-A552-9BCBE66C6F1D}.Release|Any CPU.ActiveCfg = Release|Any CPU
		{2864248F-4BDE-4CB3-A552-9BCBE66C6F1D}.Release|Any CPU.Build.0 = Release|Any CPU
		{2864248F-4BDE-4CB3-A552-9BCBE66C6F1D}.Release|x64.ActiveCfg = Release|x64
		{2864248F-4BDE-4CB3-A552-9BCBE66C6F1D}.Release|x64.Build.0 = Release|x64
	EndGlobalSection
	GlobalSection(SolutionProperties) = preSolution
		HideSolutionNode = FALSE
	EndGlobalSection
	GlobalSection(ExtensibilityGlobals) = postSolution
		SolutionGuid = {7DC3D5FD-0FB5-43D8-8ED8-2E979D64FA0C}
	EndGlobalSection
EndGlobal
