
Microsoft Visual Studio Solution File, Format Version 12.00
# Visual Studio 2012
Project("{FAE04EC0-301F-11D3-BF4B-00C04F79EFBC}") = "WpfApplication4", "WpfApplication4\WpfApplication4.csproj", "{2c98f566-f6da-47ea-b390-279e9669a005}"
EndProject
Global
	GlobalSection(SolutionConfigurationPlatforms) = preSolution
		Debug|Any CPU = Debug|Any CPU
		Release|Any CPU = Release|Any CPU
	EndGlobalSection
	GlobalSection(ProjectConfigurationPlatforms) = postSolution
		{2C98F566-F6DA-47EA-B390-279E9669A005}.Debug|Any CPU.ActiveCfg = Debug|Any CPU
		{2C98F566-F6DA-47EA-B390-279E9669A005}.Debug|Any CPU.Build.0 = Debug|Any CPU
		{2C98F566-F6DA-47EA-B390-279E9669A005}.Release|Any CPU.ActiveCfg = Release|Any CPU
		{2C98F566-F6DA-47EA-B390-279E9669A005}.Release|Any CPU.Build.0 = Release|Any CPU
	EndGlobalSection
EndGlobal
